
Microsoft Visual Studio Solution File, Format Version 12.00
Project("{FAE04EC0-301F-11D3-BF4B-00C04F79EFBC}") = "nthAPIWeb", "nthAPIWeb\nthAPIWeb.csproj", "{3A07A3FA-3045-4296-AFA4-45AE22B95EFA}"
EndProject
Global
	GlobalSection(SolutionConfigurationPlatforms) = preSolution
		Debug|Any CPU = Debug|Any CPU
		Release|Any CPU = Release|Any CPU
	EndGlobalSection
	GlobalSection(ProjectConfigurationPlatforms) = postSolution
		{3A07A3FA-3045-4296-AFA4-45AE22B95EFA}.Debug|Any CPU.ActiveCfg = Debug|Any CPU
		{3A07A3FA-3045-4296-AFA4-45AE22B95EFA}.Debug|Any CPU.Build.0 = Debug|Any CPU
		{3A07A3FA-3045-4296-AFA4-45AE22B95EFA}.Release|Any CPU.ActiveCfg = Release|Any CPU
		{3A07A3FA-3045-4296-AFA4-45AE22B95EFA}.Release|Any CPU.Build.0 = Release|Any CPU
		{3A07A3FA-3045-4296-AFA4-45AE22B95EFA}.Debug|Any CPU.Deploy.0 = Debug|Any CPU
	EndGlobalSection
EndGlobal
